
Microsoft Visual Studio Solution File, Format Version 12.00
Project("{FAE04EC0-301F-11D3-BF4B-00C04F79EFBC}") = "Parser", "src\Parser\Parser.csproj", "{CD2A8155-070B-4356-A12C-E8E9C3E1AC59}"
EndProject
Project("{2150E333-8FDC-42A3-9474-1A3956D46DE8}") = "src", "src", "{4C55F27D-6CB0-4611-8933-B34ECB1FC7A2}"
EndProject
Project("{2150E333-8FDC-42A3-9474-1A3956D46DE8}") = "test", "test", "{0053E9D6-C2AF-4E48-B1CE-0ECCCA361D74}"
EndProject
Project("{FAE04EC0-301F-11D3-BF4B-00C04F79EFBC}") = "Parser.Tests", "test\Parser.Tests\Parser.Tests.csproj", "{A41E9B16-36CC-4F64-86AE-D7C55FFE4EB7}"
EndProject
Project("{FAE04EC0-301F-11D3-BF4B-00C04F79EFBC}") = "Storage", "src\Storage\Storage.csproj", "{F64D1A83-0EC2-4501-9C63-2FB5DCE0321A}"
EndProject
Project("{FAE04EC0-301F-11D3-BF4B-00C04F79EFBC}") = "Client", "src\Client\Client.csproj", "{530B601C-D26E-42B5-BA9C-761EEF3B9641}"
EndProject
Project("{FAE04EC0-301F-11D3-BF4B-00C04F79EFBC}") = "Manager", "src\Manager\Manager.csproj", "{C291807B-0A49-4980-AC4A-ABC3FCFF9D4B}"
EndProject
Project("{FAE04EC0-301F-11D3-BF4B-00C04F79EFBC}") = "Common", "src\Common\Common.csproj", "{BDD0CDDC-7527-4418-9CB1-37B7179D89E7}"
EndProject
Project("{FAE04EC0-301F-11D3-BF4B-00C04F79EFBC}") = "Test", "test\Test\Test.csproj", "{694C1A13-A818-4880-BD1C-292C07820E4B}"
EndProject
Global
	GlobalSection(SolutionConfigurationPlatforms) = preSolution
		Debug|Any CPU = Debug|Any CPU
		Release|Any CPU = Release|Any CPU
	EndGlobalSection
	GlobalSection(ProjectConfigurationPlatforms) = postSolution
		{CD2A8155-070B-4356-A12C-E8E9C3E1AC59}.Debug|Any CPU.ActiveCfg = Debug|Any CPU
		{CD2A8155-070B-4356-A12C-E8E9C3E1AC59}.Debug|Any CPU.Build.0 = Debug|Any CPU
		{CD2A8155-070B-4356-A12C-E8E9C3E1AC59}.Release|Any CPU.ActiveCfg = Release|Any CPU
		{CD2A8155-070B-4356-A12C-E8E9C3E1AC59}.Release|Any CPU.Build.0 = Release|Any CPU
		{A41E9B16-36CC-4F64-86AE-D7C55FFE4EB7}.Debug|Any CPU.ActiveCfg = Debug|Any CPU
		{A41E9B16-36CC-4F64-86AE-D7C55FFE4EB7}.Debug|Any CPU.Build.0 = Debug|Any CPU
		{A41E9B16-36CC-4F64-86AE-D7C55FFE4EB7}.Release|Any CPU.ActiveCfg = Release|Any CPU
		{A41E9B16-36CC-4F64-86AE-D7C55FFE4EB7}.Release|Any CPU.Build.0 = Release|Any CPU
		{F64D1A83-0EC2-4501-9C63-2FB5DCE0321A}.Debug|Any CPU.ActiveCfg = Debug|Any CPU
		{F64D1A83-0EC2-4501-9C63-2FB5DCE0321A}.Debug|Any CPU.Build.0 = Debug|Any CPU
		{F64D1A83-0EC2-4501-9C63-2FB5DCE0321A}.Release|Any CPU.ActiveCfg = Release|Any CPU
		{F64D1A83-0EC2-4501-9C63-2FB5DCE0321A}.Release|Any CPU.Build.0 = Release|Any CPU
		{530B601C-D26E-42B5-BA9C-761EEF3B9641}.Debug|Any CPU.ActiveCfg = Debug|Any CPU
		{530B601C-D26E-42B5-BA9C-761EEF3B9641}.Debug|Any CPU.Build.0 = Debug|Any CPU
		{530B601C-D26E-42B5-BA9C-761EEF3B9641}.Release|Any CPU.ActiveCfg = Release|Any CPU
		{530B601C-D26E-42B5-BA9C-761EEF3B9641}.Release|Any CPU.Build.0 = Release|Any CPU
		{C291807B-0A49-4980-AC4A-ABC3FCFF9D4B}.Debug|Any CPU.ActiveCfg = Debug|Any CPU
		{C291807B-0A49-4980-AC4A-ABC3FCFF9D4B}.Debug|Any CPU.Build.0 = Debug|Any CPU
		{C291807B-0A49-4980-AC4A-ABC3FCFF9D4B}.Release|Any CPU.ActiveCfg = Release|Any CPU
		{C291807B-0A49-4980-AC4A-ABC3FCFF9D4B}.Release|Any CPU.Build.0 = Release|Any CPU
		{BDD0CDDC-7527-4418-9CB1-37B7179D89E7}.Debug|Any CPU.ActiveCfg = Debug|Any CPU
		{BDD0CDDC-7527-4418-9CB1-37B7179D89E7}.Debug|Any CPU.Build.0 = Debug|Any CPU
		{BDD0CDDC-7527-4418-9CB1-37B7179D89E7}.Release|Any CPU.ActiveCfg = Release|Any CPU
		{BDD0CDDC-7527-4418-9CB1-37B7179D89E7}.Release|Any CPU.Build.0 = Release|Any CPU
		{694C1A13-A818-4880-BD1C-292C07820E4B}.Debug|Any CPU.ActiveCfg = Debug|Any CPU
		{694C1A13-A818-4880-BD1C-292C07820E4B}.Debug|Any CPU.Build.0 = Debug|Any CPU
		{694C1A13-A818-4880-BD1C-292C07820E4B}.Release|Any CPU.ActiveCfg = Release|Any CPU
		{694C1A13-A818-4880-BD1C-292C07820E4B}.Release|Any CPU.Build.0 = Release|Any CPU
	EndGlobalSection
	GlobalSection(NestedProjects) = preSolution
		{CD2A8155-070B-4356-A12C-E8E9C3E1AC59} = {4C55F27D-6CB0-4611-8933-B34ECB1FC7A2}
		{A41E9B16-36CC-4F64-86AE-D7C55FFE4EB7} = {0053E9D6-C2AF-4E48-B1CE-0ECCCA361D74}
		{F64D1A83-0EC2-4501-9C63-2FB5DCE0321A} = {4C55F27D-6CB0-4611-8933-B34ECB1FC7A2}
		{530B601C-D26E-42B5-BA9C-761EEF3B9641} = {4C55F27D-6CB0-4611-8933-B34ECB1FC7A2}
		{C291807B-0A49-4980-AC4A-ABC3FCFF9D4B} = {4C55F27D-6CB0-4611-8933-B34ECB1FC7A2}
		{BDD0CDDC-7527-4418-9CB1-37B7179D89E7} = {4C55F27D-6CB0-4611-8933-B34ECB1FC7A2}
		{694C1A13-A818-4880-BD1C-292C07820E4B} = {0053E9D6-C2AF-4E48-B1CE-0ECCCA361D74}
	EndGlobalSection
EndGlobal
